github.com/ajstarks/svgo v0.0.0-20200320125537-f189e35d30ca h1:kWzLcty5V2rzOqJM7Tp/MfSX0RMSI1x4IOLApEefYxA=
github.com/ajstarks/svgo v0.0.0-20200320125537-f189e35d30ca/go.mod h1:K08gAheRH3/J6wwsYMMT4xOr94bZjxIelGM0+d/wbFw=
github.com/containous/yaegi v0.8.2 h1:JAJhUd/RU35r4vSMqEf2yOG7AGPf/8Q8VWRhwEpVtZg=
github.com/containous/yaegi v0.8.2/go.mod h1:Yj82MHpXQ9/h3ukzc2numJQ/Wr4+M3C9YLMzNjFtd3o=
github.com/kylelemons/godebug v1.1.0 h1:RPNrshWIDI6G2gRW9EHilWtl7Z6Sb1BR0xunSBf0SNc=
github.com/kylelemons/godebug v1.1.0/go.mod h1:9/0rRGxNHcop5bhtWyNeEfOS8JIWk580+fNqagV/RAw=
